
Microsoft Visual Studio Solution File, Format Version 12.00
# Visual Studio 15
VisualStudioVersion = 15.0.28010.2050
MinimumVisualStudioVersion = 10.0.40219.1
Project("{FAE04EC0-301F-11D3-BF4B-00C04F79EFBC}") = "VIM2VHD", "VIM2VHD\VIM2VHD.csproj", "{0FB3A6A4-376B-49A1-89A8-A33AB8CC7273}"
EndProject
Global
	GlobalSection(SolutionConfigurationPlatforms) = preSolution
		Debug|Any CPU = Debug|Any CPU
		Release|Any CPU = Release|Any CPU
	EndGlobalSection
	GlobalSection(ProjectConfigurationPlatforms) = postSolution
		{0FB3A6A4-376B-49A1-89A8-A33AB8CC7273}.Debug|Any CPU.ActiveCfg = Debug|Any CPU
		{0FB3A6A4-376B-49A1-89A8-A33AB8CC7273}.Debug|Any CPU.Build.0 = Debug|Any CPU
		{0FB3A6A4-376B-49A1-89A8-A33AB8CC7273}.Release|Any CPU.ActiveCfg = Release|Any CPU
		{0FB3A6A4-376B-49A1-89A8-A33AB8CC7273}.Release|Any CPU.Build.0 = Release|Any CPU
	EndGlobalSection
	GlobalSection(SolutionProperties) = preSolution
		HideSolutionNode = FALSE
	EndGlobalSection
	GlobalSection(ExtensibilityGlobals) = postSolution
		SolutionGuid = {FC9D8300-F1C1-414C-8B33-50985A5B6CC9}
	EndGlobalSection
EndGlobal
